lockfileVersion: '6.0'

settings:
  autoInstallPeers: true
  excludeLinksFromLockfile: false

dependencies:
  rollup-plugin-execute:
    specifier: ^1.1.1
    version: 1.1.1

packages:

  /rollup-plugin-execute@1.1.1:
    resolution: {integrity: sha512-isCNR/VrwlEfWJMwsnmt5TBRod8dW1IjVRxcXCBrxDmVTeA1IXjzeLSS3inFBmRD7KDPlo38KSb2mh5v5BoWgA==}
    dev: false
